// !$*UTF8*$!
{
	archiveVersion = 1;
	classes = {
	};
	objectVersion = 46;
	objects = {

/* Begin PBXBuildFile section */
		C21DB1F45D38EE76D2B671C5 /* Pods_CoreDuck_iOS.framework in Frameworks */ = {isa = PBXBuildFile; fileRef = 5E9EC440E225CC1750A468A5 /* Pods_CoreDuck_iOS.framework */; };
		D5A8E88759D2AFBF17FC152C /* Pods_CoreDuck_macOS.framework in Frameworks */ = {isa = PBXBuildFile; fileRef = B46878D9815DE35E134F044A /* Pods_CoreDuck_macOS.framework */; };
		DE3105781D8FB64500FC0742 /* AppDelegate.swift in Sources */ = {isa = PBXBuildFile; fileRef = DE3105701D8FB64500FC0742 /* AppDelegate.swift */; };
		DE3105791D8FB64500FC0742 /* Assets.xcassets in Resources */ = {isa = PBXBuildFile; fileRef = DE3105711D8FB64500FC0742 /* Assets.xcassets */; };
		DE31057A1D8FB64500FC0742 /* Main.storyboard in Resources */ = {isa = PBXBuildFile; fileRef = DE3105721D8FB64500FC0742 /* Main.storyboard */; };
		DE31057B1D8FB64500FC0742 /* CoreData.xcdatamodeld in Sources */ = {isa = PBXBuildFile; fileRef = DE3105741D8FB64500FC0742 /* CoreData.xcdatamodeld */; };
		DE31057D1D8FB64500FC0742 /* ViewController.swift in Sources */ = {isa = PBXBuildFile; fileRef = DE3105771D8FB64500FC0742 /* ViewController.swift */; };
		DE3105891D8FB75D00FC0742 /* AppDelegate.swift in Sources */ = {isa = PBXBuildFile; fileRef = DE31057F1D8FB75D00FC0742 /* AppDelegate.swift */; };
		DE31058A1D8FB75D00FC0742 /* LaunchScreen.xib in Resources */ = {isa = PBXBuildFile; fileRef = DE3105801D8FB75D00FC0742 /* LaunchScreen.xib */; };
		DE31058B1D8FB75D00FC0742 /* Main.storyboard in Resources */ = {isa = PBXBuildFile; fileRef = DE3105821D8FB75D00FC0742 /* Main.storyboard */; };
		DE31058C1D8FB75D00FC0742 /* CoreData.xcdatamodeld in Sources */ = {isa = PBXBuildFile; fileRef = DE3105841D8FB75D00FC0742 /* CoreData.xcdatamodeld */; };
		DE31058D1D8FB75D00FC0742 /* Images.xcassets in Resources */ = {isa = PBXBuildFile; fileRef = DE3105861D8FB75D00FC0742 /* Images.xcassets */; };
		DE31058F1D8FB75D00FC0742 /* ViewController.swift in Sources */ = {isa = PBXBuildFile; fileRef = DE3105881D8FB75D00FC0742 /* ViewController.swift */; };
		DE7F88BD1FAB30C40066666E /* Entity.swift in Sources */ = {isa = PBXBuildFile; fileRef = DE7F88BC1FAB30C40066666E /* Entity.swift */; };
		DE7F88BF1FAB46360066666E /* Entity.swift in Sources */ = {isa = PBXBuildFile; fileRef = DE7F88BE1FAB46360066666E /* Entity.swift */; };
/* End PBXBuildFile section */

/* Begin PBXFileReference section */
		370E388368EB47B84E5592B2 /* Pods-CoreDuck-macOS.release.xcconfig */ = {isa = PBXFileReference; includeInIndex = 1; lastKnownFileType = text.xcconfig; name = "Pods-CoreDuck-macOS.release.xcconfig"; path = "Pods/Target Support Files/Pods-CoreDuck-macOS/Pods-CoreDuck-macOS.release.xcconfig"; sourceTree = "<group>"; };
		5E9EC440E225CC1750A468A5 /* Pods_CoreDuck_iOS.framework */ = {isa = PBXFileReference; explicitFileType = wrapper.framework; includeInIndex = 0; path = Pods_CoreDuck_iOS.framework; sourceTree = BUILT_PRODUCTS_DIR; };
		607FACD01AFB9204008FA782 /* CoreDuck-iOS.app */ = {isa = PBXFileReference; explicitFileType = wrapper.application; includeInIndex = 0; path = "CoreDuck-iOS.app"; sourceTree = BUILT_PRODUCTS_DIR; };
		850B75B40AB36A8973E2E595 /* README.md */ = {isa = PBXFileReference; includeInIndex = 1; lastKnownFileType = net.daringfireball.markdown; name = README.md; path = ../README.md; sourceTree = "<group>"; };
		9C1941763117DDC0C5523DAF /* LICENSE */ = {isa = PBXFileReference; includeInIndex = 1; lastKnownFileType = text; name = LICENSE; path = ../LICENSE; sourceTree = "<group>"; };
		A3326D45AB9E92C60E1A7EBE /* Pods-CoreDuck-macOS.debug.xcconfig */ = {isa = PBXFileReference; includeInIndex = 1; lastKnownFileType = text.xcconfig; name = "Pods-CoreDuck-macOS.debug.xcconfig"; path = "Pods/Target Support Files/Pods-CoreDuck-macOS/Pods-CoreDuck-macOS.debug.xcconfig"; sourceTree = "<group>"; };
		B46878D9815DE35E134F044A /* Pods_CoreDuck_macOS.framework */ = {isa = PBXFileReference; explicitFileType = wrapper.framework; includeInIndex = 0; path = Pods_CoreDuck_macOS.framework; sourceTree = BUILT_PRODUCTS_DIR; };
		C661A16D5722D228D545E351 /* CoreDuck.podspec */ = {isa = PBXFileReference; includeInIndex = 1; lastKnownFileType = text; name = CoreDuck.podspec; path = ../CoreDuck.podspec; sourceTree = "<group>"; xcLanguageSpecificationIdentifier = xcode.lang.ruby; };
		D91BA4F052C29D9C09E4C3D6 /* Pods-CoreDuck-iOS.debug.xcconfig */ = {isa = PBXFileReference; includeInIndex = 1; lastKnownFileType = text.xcconfig; name = "Pods-CoreDuck-iOS.debug.xcconfig"; path = "Pods/Target Support Files/Pods-CoreDuck-iOS/Pods-CoreDuck-iOS.debug.xcconfig"; sourceTree = "<group>"; };
		DE0980D21D587A6600C02F2E /* CoreDuck-macOS.app */ = {isa = PBXFileReference; explicitFileType = wrapper.application; includeInIndex = 0; path = "CoreDuck-macOS.app"; sourceTree = BUILT_PRODUCTS_DIR; };
		DE184E5C1D8FCA32003FFB00 /* CoreDuck.framework */ = {isa = PBXFileReference; lastKnownFileType = wrapper.framework; name = CoreDuck.framework; path = "../../../Library/Developer/Xcode/DerivedData/CoreDuck-diqpuiluuwqjfpdzocqzbsuqkccw/Build/Products/Debug-iphonesimulator/CoreDuck-iOS/CoreDuck.framework"; sourceTree = "<group>"; };
		DE3105701D8FB64500FC0742 /* AppDelegate.swift */ = {isa = PBXFileReference; fileEncoding = 4; lastKnownFileType = sourcecode.swift; path = AppDelegate.swift; sourceTree = "<group>"; };
		DE3105711D8FB64500FC0742 /* Assets.xcassets */ = {isa = PBXFileReference; lastKnownFileType = folder.assetcatalog; path = Assets.xcassets; sourceTree = "<group>"; };
		DE3105731D8FB64500FC0742 /* Base */ = {isa = PBXFileReference; lastKnownFileType = file.storyboard; name = Base; path = Base.lproj/Main.storyboard; sourceTree = "<group>"; };
		DE3105751D8FB64500FC0742 /* CoreData.xcdatamodel */ = {isa = PBXFileReference; lastKnownFileType = wrapper.xcdatamodel; path = CoreData.xcdatamodel; sourceTree = "<group>"; };
		DE3105761D8FB64500FC0742 /* Info.plist */ = {isa = PBXFileReference; fileEncoding = 4; lastKnownFileType = text.plist.xml; path = Info.plist; sourceTree = "<group>"; };
		DE3105771D8FB64500FC0742 /* ViewController.swift */ = {isa = PBXFileReference; fileEncoding = 4; lastKnownFileType = sourcecode.swift; path = ViewController.swift; sourceTree = "<group>"; };
		DE31057F1D8FB75D00FC0742 /* AppDelegate.swift */ = {isa = PBXFileReference; fileEncoding = 4; lastKnownFileType = sourcecode.swift; path = AppDelegate.swift; sourceTree = "<group>"; };
		DE3105811D8FB75D00FC0742 /* Base */ = {isa = PBXFileReference; lastKnownFileType = file.xib; name = Base; path = Base.lproj/LaunchScreen.xib; sourceTree = "<group>"; };
		DE3105831D8FB75D00FC0742 /* Base */ = {isa = PBXFileReference; lastKnownFileType = file.storyboard; name = Base; path = Base.lproj/Main.storyboard; sourceTree = "<group>"; };
		DE3105851D8FB75D00FC0742 /* CoreData.xcdatamodel */ = {isa = PBXFileReference; lastKnownFileType = wrapper.xcdatamodel; path = CoreData.xcdatamodel; sourceTree = "<group>"; };
		DE3105861D8FB75D00FC0742 /* Images.xcassets */ = {isa = PBXFileReference; lastKnownFileType = folder.assetcatalog; path = Images.xcassets; sourceTree = "<group>"; };
		DE3105871D8FB75D00FC0742 /* Info.plist */ = {isa = PBXFileReference; fileEncoding = 4; lastKnownFileType = text.plist.xml; path = Info.plist; sourceTree = "<group>"; };
		DE3105881D8FB75D00FC0742 /* ViewController.swift */ = {isa = PBXFileReference; fileEncoding = 4; lastKnownFileType = sourcecode.swift; path = ViewController.swift; sourceTree = "<group>"; };
		DE7F88BC1FAB30C40066666E /* Entity.swift */ = {isa = PBXFileReference; lastKnownFileType = sourcecode.swift; path = Entity.swift; sourceTree = "<group>"; };
		DE7F88BE1FAB46360066666E /* Entity.swift */ = {isa = PBXFileReference; lastKnownFileType = sourcecode.swift; path = Entity.swift; sourceTree = "<group>"; };
		FF0C64E611FD06E4E392FE5B /* Pods-CoreDuck-iOS.release.xcconfig */ = {isa = PBXFileReference; includeInIndex = 1; lastKnownFileType = text.xcconfig; name = "Pods-CoreDuck-iOS.release.xcconfig"; path = "Pods/Target Support Files/Pods-CoreDuck-iOS/Pods-CoreDuck-iOS.release.xcconfig"; sourceTree = "<group>"; };
/* End PBXFileReference section */

/* Begin PBXFrameworksBuildPhase section */
		607FACCD1AFB9204008FA782 /* Frameworks */ = {
			isa = PBXFrameworksBuildPhase;
			buildActionMask = 2147483647;
			files = (
				C21DB1F45D38EE76D2B671C5 /* Pods_CoreDuck_iOS.framework in Frameworks */,
			);
			runOnlyForDeploymentPostprocessing = 0;
		};
		DE0980CF1D587A6600C02F2E /* Frameworks */ = {
			isa = PBXFrameworksBuildPhase;
			buildActionMask = 2147483647;
			files = (
				D5A8E88759D2AFBF17FC152C /* Pods_CoreDuck_macOS.framework in Frameworks */,
			);
			runOnlyForDeploymentPostprocessing = 0;
		};
/* End PBXFrameworksBuildPhase section */

/* Begin PBXGroup section */
		37B4C3087DF068B005D01E81 /* Pods */ = {
			isa = PBXGroup;
			children = (
				D91BA4F052C29D9C09E4C3D6 /* Pods-CoreDuck-iOS.debug.xcconfig */,
				FF0C64E611FD06E4E392FE5B /* Pods-CoreDuck-iOS.release.xcconfig */,
				A3326D45AB9E92C60E1A7EBE /* Pods-CoreDuck-macOS.debug.xcconfig */,
				370E388368EB47B84E5592B2 /* Pods-CoreDuck-macOS.release.xcconfig */,
			);
			name = Pods;
			sourceTree = "<group>";
		};
		607FACC71AFB9204008FA782 = {
			isa = PBXGroup;
			children = (
				DE31057E1D8FB75D00FC0742 /* CoreDuck-iOS */,
				DE31056F1D8FB64500FC0742 /* CoreDuck-macOS */,
				97C4A92F23083BF275347D59 /* Frameworks */,
				37B4C3087DF068B005D01E81 /* Pods */,
				607FACF51AFB993E008FA782 /* Podspec Metadata */,
				607FACD11AFB9204008FA782 /* Products */,
			);
			sourceTree = "<group>";
		};
		607FACD11AFB9204008FA782 /* Products */ = {
			isa = PBXGroup;
			children = (
				607FACD01AFB9204008FA782 /* CoreDuck-iOS.app */,
				DE0980D21D587A6600C02F2E /* CoreDuck-macOS.app */,
			);
			name = Products;
			sourceTree = "<group>";
		};
		607FACF51AFB993E008FA782 /* Podspec Metadata */ = {
			isa = PBXGroup;
			children = (
				C661A16D5722D228D545E351 /* CoreDuck.podspec */,
				850B75B40AB36A8973E2E595 /* README.md */,
				9C1941763117DDC0C5523DAF /* LICENSE */,
			);
			name = "Podspec Metadata";
			sourceTree = "<group>";
		};
		97C4A92F23083BF275347D59 /* Frameworks */ = {
			isa = PBXGroup;
			children = (
				DE184E5C1D8FCA32003FFB00 /* CoreDuck.framework */,
				5E9EC440E225CC1750A468A5 /* Pods_CoreDuck_iOS.framework */,
				B46878D9815DE35E134F044A /* Pods_CoreDuck_macOS.framework */,
			);
			name = Frameworks;
			sourceTree = "<group>";
		};
		DE31056F1D8FB64500FC0742 /* CoreDuck-macOS */ = {
			isa = PBXGroup;
			children = (
				DE3105701D8FB64500FC0742 /* AppDelegate.swift */,
				DE3105711D8FB64500FC0742 /* Assets.xcassets */,
				DE3105741D8FB64500FC0742 /* CoreData.xcdatamodeld */,
				DE3105761D8FB64500FC0742 /* Info.plist */,
				DE3105721D8FB64500FC0742 /* Main.storyboard */,
				DE3105771D8FB64500FC0742 /* ViewController.swift */,
				DE7F88BC1FAB30C40066666E /* Entity.swift */,
			);
			path = "CoreDuck-macOS";
			sourceTree = "<group>";
		};
		DE31057E1D8FB75D00FC0742 /* CoreDuck-iOS */ = {
			isa = PBXGroup;
			children = (
				DE31057F1D8FB75D00FC0742 /* AppDelegate.swift */,
				DE3105841D8FB75D00FC0742 /* CoreData.xcdatamodeld */,
				DE3105861D8FB75D00FC0742 /* Images.xcassets */,
				DE3105871D8FB75D00FC0742 /* Info.plist */,
				DE3105801D8FB75D00FC0742 /* LaunchScreen.xib */,
				DE3105821D8FB75D00FC0742 /* Main.storyboard */,
				DE3105881D8FB75D00FC0742 /* ViewController.swift */,
				DE7F88BE1FAB46360066666E /* Entity.swift */,
			);
			path = "CoreDuck-iOS";
			sourceTree = "<group>";
		};
/* End PBXGroup section */

/* Begin PBXNativeTarget section */
		607FACCF1AFB9204008FA782 /* CoreDuck-iOS */ = {
			isa = PBXNativeTarget;
			buildConfigurationList = 607FACEF1AFB9204008FA782 /* Build configuration list for PBXNativeTarget "CoreDuck-iOS" */;
			buildPhases = (
				91AFAE8EEF8DC093FF61589B /* [CP] Check Pods Manifest.lock */,
				607FACCC1AFB9204008FA782 /* Sources */,
				607FACCD1AFB9204008FA782 /* Frameworks */,
				607FACCE1AFB9204008FA782 /* Resources */,
				0D8E039F5A5103B808FB843D /* [CP] Embed Pods Frameworks */,
			);
			buildRules = (
			);
			dependencies = (
			);
			name = "CoreDuck-iOS";
			productName = CoreDuck;
			productReference = 607FACD01AFB9204008FA782 /* CoreDuck-iOS.app */;
			productType = "com.apple.product-type.application";
		};
		DE0980D11D587A6600C02F2E /* CoreDuck-macOS */ = {
			isa = PBXNativeTarget;
			buildConfigurationList = DE0980E01D587A6600C02F2E /* Build configuration list for PBXNativeTarget "CoreDuck-macOS" */;
			buildPhases = (
				81E889F5B43BB7ED56B4D768 /* [CP] Check Pods Manifest.lock */,
				DE0980CE1D587A6600C02F2E /* Sources */,
				DE0980CF1D587A6600C02F2E /* Frameworks */,
				DE0980D01D587A6600C02F2E /* Resources */,
				FA4E3117223ACA9479693D4C /* [CP] Embed Pods Frameworks */,
			);
			buildRules = (
			);
			dependencies = (
			);
			name = "CoreDuck-macOS";
			productName = CoreDuck_Example_macOS;
			productReference = DE0980D21D587A6600C02F2E /* CoreDuck-macOS.app */;
			productType = "com.apple.product-type.application";
		};
/* End PBXNativeTarget section */

/* Begin PBXProject section */
		607FACC81AFB9204008FA782 /* Project object */ = {
			isa = PBXProject;
			attributes = {
				LastSwiftUpdateCheck = 1030;
				LastUpgradeCheck = 1020;
				ORGANIZATIONNAME = CocoaPods;
				TargetAttributes = {
					607FACCF1AFB9204008FA782 = {
						CreatedOnToolsVersion = 6.3.1;
						DevelopmentTeam = CBGX48BZ8F;
						LastSwiftMigration = 1020;
					};
					DE0980D11D587A6600C02F2E = {
						CreatedOnToolsVersion = 7.3.1;
						LastSwiftMigration = 1020;
					};
				};
			};
			buildConfigurationList = 607FACCB1AFB9204008FA782 /* Build configuration list for PBXProject "CoreDuck" */;
			compatibilityVersion = "Xcode 3.2";
			developmentRegion = en;
			hasScannedForEncodings = 0;
			knownRegions = (
				en,
				Base,
			);
			mainGroup = 607FACC71AFB9204008FA782;
			productRefGroup = 607FACD11AFB9204008FA782 /* Products */;
			projectDirPath = "";
			projectRoot = "";
			targets = (
				607FACCF1AFB9204008FA782 /* CoreDuck-iOS */,
				DE0980D11D587A6600C02F2E /* CoreDuck-macOS */,
			);
		};
/* End PBXProject section */

/* Begin PBXResourcesBuildPhase section */
		607FACCE1AFB9204008FA782 /* Resources */ = {
			isa = PBXResourcesBuildPhase;
			buildActionMask = 2147483647;
			files = (
				DE31058D1D8FB75D00FC0742 /* Images.xcassets in Resources */,
				DE31058A1D8FB75D00FC0742 /* LaunchScreen.xib in Resources */,
				DE31058B1D8FB75D00FC0742 /* Main.storyboard in Resources */,
			);
			runOnlyForDeploymentPostprocessing = 0;
		};
		DE0980D01D587A6600C02F2E /* Resources */ = {
			isa = PBXResourcesBuildPhase;
			buildActionMask = 2147483647;
			files = (
				DE3105791D8FB64500FC0742 /* Assets.xcassets in Resources */,
				DE31057A1D8FB64500FC0742 /* Main.storyboard in Resources */,
			);
			runOnlyForDeploymentPostprocessing = 0;
		};
/* End PBXResourcesBuildPhase section */

/* Begin PBXShellScriptBuildPhase section */
		0D8E039F5A5103B808FB843D /* [CP] Embed Pods Frameworks */ = {
			isa = PBXShellScriptBuildPhase;
			buildActionMask = 2147483647;
			files = (
			);
			inputPaths = (
				"${PODS_ROOT}/Target Support Files/Pods-CoreDuck-iOS/Pods-CoreDuck-iOS-frameworks.sh",
				"${BUILT_PRODUCTS_DIR}/CoreDuck-iOS/CoreDuck.framework",
			);
			name = "[CP] Embed Pods Frameworks";
			outputPaths = (
				"${TARGET_BUILD_DIR}/${FRAMEWORKS_FOLDER_PATH}/CoreDuck.framework",
			);
			runOnlyForDeploymentPostprocessing = 0;
			shellPath = /bin/sh;
			shellScript = "\"${PODS_ROOT}/Target Support Files/Pods-CoreDuck-iOS/Pods-CoreDuck-iOS-frameworks.sh\"\n";
			showEnvVarsInLog = 0;
		};
		81E889F5B43BB7ED56B4D768 /* [CP] Check Pods Manifest.lock */ = {
			isa = PBXShellScriptBuildPhase;
			buildActionMask = 2147483647;
			files = (
			);
			inputPaths = (
				"${PODS_PODFILE_DIR_PATH}/Podfile.lock",
				"${PODS_ROOT}/Manifest.lock",
			);
			name = "[CP] Check Pods Manifest.lock";
			outputPaths = (
				"$(DERIVED_FILE_DIR)/Pods-CoreDuck-macOS-checkManifestLockResult.txt",
			);
			runOnlyForDeploymentPostprocessing = 0;
			shellPath = /bin/sh;
			shellScript = "diff \"${PODS_PODFILE_DIR_PATH}/Podfile.lock\" \"${PODS_ROOT}/Manifest.lock\" > /dev/null\nif [ $? != 0 ] ; then\n    # print error to STDERR\n    echo \"error: The sandbox is not in sync with the Podfile.lock. Run 'pod install' or update your CocoaPods installation.\" >&2\n    exit 1\nfi\n# This output is used by Xcode 'outputs' to avoid re-running this script phase.\necho \"SUCCESS\" > \"${SCRIPT_OUTPUT_FILE_0}\"\n";
			showEnvVarsInLog = 0;
		};
		91AFAE8EEF8DC093FF61589B /* [CP] Check Pods Manifest.lock */ = {
			isa = PBXShellScriptBuildPhase;
			buildActionMask = 2147483647;
			files = (
			);
			inputPaths = (
				"${PODS_PODFILE_DIR_PATH}/Podfile.lock",
				"${PODS_ROOT}/Manifest.lock",
			);
			name = "[CP] Check Pods Manifest.lock";
			outputPaths = (
				"$(DERIVED_FILE_DIR)/Pods-CoreDuck-iOS-checkManifestLockResult.txt",
			);
			runOnlyForDeploymentPostprocessing = 0;
			shellPath = /bin/sh;
			shellScript = "diff \"${PODS_PODFILE_DIR_PATH}/Podfile.lock\" \"${PODS_ROOT}/Manifest.lock\" > /dev/null\nif [ $? != 0 ] ; then\n    # print error to STDERR\n    echo \"error: The sandbox is not in sync with the Podfile.lock. Run 'pod install' or update your CocoaPods installation.\" >&2\n    exit 1\nfi\n# This output is used by Xcode 'outputs' to avoid re-running this script phase.\necho \"SUCCESS\" > \"${SCRIPT_OUTPUT_FILE_0}\"\n";
			showEnvVarsInLog = 0;
		};
		FA4E3117223ACA9479693D4C /* [CP] Embed Pods Frameworks */ = {
			isa = PBXShellScriptBuildPhase;
			buildActionMask = 2147483647;
			files = (
			);
			inputPaths = (
				"${PODS_ROOT}/Target Support Files/Pods-CoreDuck-macOS/Pods-CoreDuck-macOS-frameworks.sh",
				"${BUILT_PRODUCTS_DIR}/CoreDuck-macOS/CoreDuck.framework",
			);
			name = "[CP] Embed Pods Frameworks";
			outputPaths = (
				"${TARGET_BUILD_DIR}/${FRAMEWORKS_FOLDER_PATH}/CoreDuck.framework",
			);
			runOnlyForDeploymentPostprocessing = 0;
			shellPath = /bin/sh;
			shellScript = "\"${PODS_ROOT}/Target Support Files/Pods-CoreDuck-macOS/Pods-CoreDuck-macOS-frameworks.sh\"\n";
			showEnvVarsInLog = 0;
		};
/* End PBXShellScriptBuildPhase section */

/* Begin PBXSourcesBuildPhase section */
		607FACCC1AFB9204008FA782 /* Sources */ = {
			isa = PBXSourcesBuildPhase;
			buildActionMask = 2147483647;
			files = (
				DE7F88BF1FAB46360066666E /* Entity.swift in Sources */,
				DE31058F1D8FB75D00FC0742 /* ViewController.swift in Sources */,
				DE31058C1D8FB75D00FC0742 /* CoreData.xcdatamodeld in Sources */,
				DE3105891D8FB75D00FC0742 /* AppDelegate.swift in Sources */,
			);
			runOnlyForDeploymentPostprocessing = 0;
		};
		DE0980CE1D587A6600C02F2E /* Sources */ = {
			isa = PBXSourcesBuildPhase;
			buildActionMask = 2147483647;
			files = (
				DE7F88BD1FAB30C40066666E /* Entity.swift in Sources */,
				DE31057D1D8FB64500FC0742 /* ViewController.swift in Sources */,
				DE31057B1D8FB64500FC0742 /* CoreData.xcdatamodeld in Sources */,
				DE3105781D8FB64500FC0742 /* AppDelegate.swift in Sources */,
			);
			runOnlyForDeploymentPostprocessing = 0;
		};
/* End PBXSourcesBuildPhase section */

/* Begin PBXVariantGroup section */
		DE3105721D8FB64500FC0742 /* Main.storyboard */ = {
			isa = PBXVariantGroup;
			children = (
				DE3105731D8FB64500FC0742 /* Base */,
			);
			name = Main.storyboard;
			sourceTree = "<group>";
		};
		DE3105801D8FB75D00FC0742 /* LaunchScreen.xib */ = {
			isa = PBXVariantGroup;
			children = (
				DE3105811D8FB75D00FC0742 /* Base */,
			);
			name = LaunchScreen.xib;
			sourceTree = "<group>";
		};
		DE3105821D8FB75D00FC0742 /* Main.storyboard */ = {
			isa = PBXVariantGroup;
			children = (
				DE3105831D8FB75D00FC0742 /* Base */,
			);
			name = Main.storyboard;
			sourceTree = "<group>";
		};
/* End PBXVariantGroup section */

/* Begin XCBuildConfiguration section */
		607FACED1AFB9204008FA782 /* Debug */ = {
			isa = XCBuildConfiguration;
			buildSettings = {
				ALWAYS_SEARCH_USER_PATHS = NO;
				CLANG_ANALYZER_LOCALIZABILITY_NONLOCALIZED = YES;
				CLANG_CXX_LANGUAGE_STANDARD = "gnu++0x";
				CLANG_CXX_LIBRARY = "libc++";
				CLANG_ENABLE_MODULES = YES;
				CLANG_ENABLE_OBJC_ARC = YES;
				CLANG_WARN_BLOCK_CAPTURE_AUTORELEASING = YES;
				CLANG_WARN_BOOL_CONVERSION = YES;
				CLANG_WARN_COMMA = YES;
				CLANG_WARN_CONSTANT_CONVERSION = YES;
				CLANG_WARN_DEPRECATED_OBJC_IMPLEMENTATIONS = YES;
				CLANG_WARN_DIRECT_OBJC_ISA_USAGE = YES_ERROR;
				CLANG_WARN_EMPTY_BODY = YES;
				CLANG_WARN_ENUM_CONVERSION = YES;
				CLANG_WARN_INFINITE_RECURSION = YES;
				CLANG_WARN_INT_CONVERSION = YES;
				CLANG_WARN_NON_LITERAL_NULL_CONVERSION = YES;
				CLANG_WARN_OBJC_IMPLICIT_RETAIN_SELF = YES;
				CLANG_WARN_OBJC_LITERAL_CONVERSION = YES;
				CLANG_WARN_OBJC_ROOT_CLASS = YES_ERROR;
				CLANG_WARN_RANGE_LOOP_ANALYSIS = YES;
				CLANG_WARN_STRICT_PROTOTYPES = YES;
				CLANG_WARN_SUSPICIOUS_MOVE = YES;
				CLANG_WARN_UNREACHABLE_CODE = YES;
				CLANG_WARN__DUPLICATE_METHOD_MATCH = YES;
				"CODE_SIGN_IDENTITY[sdk=iphoneos*]" = "iPhone Developer";
				COPY_PHASE_STRIP = NO;
				DEBUG_INFORMATION_FORMAT = "dwarf-with-dsym";
				ENABLE_STRICT_OBJC_MSGSEND = YES;
				ENABLE_TESTABILITY = YES;
				GCC_C_LANGUAGE_STANDARD = gnu99;
				GCC_DYNAMIC_NO_PIC = NO;
				GCC_NO_COMMON_BLOCKS = YES;
				GCC_OPTIMIZATION_LEVEL = 0;
				GCC_PREPROCESSOR_DEFINITIONS = (
					"DEBUG=1",
					"$(inherited)",
				);
				GCC_SYMBOLS_PRIVATE_EXTERN = NO;
				GCC_WARN_64_TO_32_BIT_CONVERSION = YES;
				GCC_WARN_ABOUT_RETURN_TYPE = YES_ERROR;
				GCC_WARN_UNDECLARED_SELECTOR = YES;
				GCC_WARN_UNINITIALIZED_AUTOS = YES_AGGRESSIVE;
				GCC_WARN_UNUSED_FUNCTION = YES;
				GCC_WARN_UNUSED_VARIABLE = YES;
				IPHONEOS_DEPLOYMENT_TARGET = 8.0;
				MACOSX_DEPLOYMENT_TARGET = 10.10;
				MTL_ENABLE_DEBUG_INFO = YES;
				ONLY_ACTIVE_ARCH = YES;
				SDKROOT = iphoneos;
				SWIFT_OPTIMIZATION_LEVEL = "-Onone";
				SWIFT_VERSION = 4.2;
			};
			name = Debug;
		};
		607FACEE1AFB9204008FA782 /* Release */ = {
			isa = XCBuildConfiguration;
			buildSettings = {
				ALWAYS_SEARCH_USER_PATHS = NO;
				CLANG_ANALYZER_LOCALIZABILITY_NONLOCALIZED = YES;
				CLANG_CXX_LANGUAGE_STANDARD = "gnu++0x";
				CLANG_CXX_LIBRARY = "libc++";
				CLANG_ENABLE_MODULES = YES;
				CLANG_ENABLE_OBJC_ARC = YES;
				CLANG_WARN_BLOCK_CAPTURE_AUTORELEASING = YES;
				CLANG_WARN_BOOL_CONVERSION = YES;
				CLANG_WARN_COMMA = YES;
				CLANG_WARN_CONSTANT_CONVERSION = YES;
				CLANG_WARN_DEPRECATED_OBJC_IMPLEMENTATIONS = YES;
				CLANG_WARN_DIRECT_OBJC_ISA_USAGE = YES_ERROR;
				CLANG_WARN_EMPTY_BODY = YES;
				CLANG_WARN_ENUM_CONVERSION = YES;
				CLANG_WARN_INFINITE_RECURSION = YES;
				CLANG_WARN_INT_CONVERSION = YES;
				CLANG_WARN_NON_LITERAL_NULL_CONVERSION = YES;
				CLANG_WARN_OBJC_IMPLICIT_RETAIN_SELF = YES;
				CLANG_WARN_OBJC_LITERAL_CONVERSION = YES;
				CLANG_WARN_OBJC_ROOT_CLASS = YES_ERROR;
				CLANG_WARN_RANGE_LOOP_ANALYSIS = YES;
				CLANG_WARN_STRICT_PROTOTYPES = YES;
				CLANG_WARN_SUSPICIOUS_MOVE = YES;
				CLANG_WARN_UNREACHABLE_CODE = YES;
				CLANG_WARN__DUPLICATE_METHOD_MATCH = YES;
				"CODE_SIGN_IDENTITY[sdk=iphoneos*]" = "iPhone Developer";
				COPY_PHASE_STRIP = NO;
				DEBUG_INFORMATION_FORMAT = "dwarf-with-dsym";
				ENABLE_NS_ASSERTIONS = NO;
				ENABLE_STRICT_OBJC_MSGSEND = YES;
				GCC_C_LANGUAGE_STANDARD = gnu99;
				GCC_NO_COMMON_BLOCKS = YES;
				GCC_WARN_64_TO_32_BIT_CONVERSION = YES;
				GCC_WARN_ABOUT_RETURN_TYPE = YES_ERROR;
				GCC_WARN_UNDECLARED_SELECTOR = YES;
				GCC_WARN_UNINITIALIZED_AUTOS = YES_AGGRESSIVE;
				GCC_WARN_UNUSED_FUNCTION = YES;
				GCC_WARN_UNUSED_VARIABLE = YES;
				IPHONEOS_DEPLOYMENT_TARGET = 8.0;
				MACOSX_DEPLOYMENT_TARGET = 10.10;
				MTL_ENABLE_DEBUG_INFO = NO;
				SDKROOT = iphoneos;
				SWIFT_OPTIMIZATION_LEVEL = "-Owholemodule";
				SWIFT_VERSION = 4.2;
				VALIDATE_PRODUCT = YES;
			};
			name = Release;
		};
		607FACF01AFB9204008FA782 /* Debug */ = {
			isa = XCBuildConfiguration;
			baseConfigurationReference = D91BA4F052C29D9C09E4C3D6 /* Pods-CoreDuck-iOS.debug.xcconfig */;
			buildSettings = {
				ALWAYS_EMBED_SWIFT_STANDARD_LIBRARIES = "$(inherited)";
				ASSETCATALOG_COMPILER_APPICON_NAME = AppIcon;
				CODE_SIGN_IDENTITY = "iPhone Developer";
				"CODE_SIGN_IDENTITY[sdk=iphoneos*]" = "iPhone Developer";
				DEVELOPMENT_TEAM = CBGX48BZ8F;
				INFOPLIST_FILE = "$(SRCROOT)/CoreDuck-iOS/Info.plist";
				LD_RUNPATH_SEARCH_PATHS = "$(inherited) @executable_path/Frameworks";
				MODULE_NAME = ExampleApp;
				PRODUCT_BUNDLE_IDENTIFIER = "academy.appdev.CoreDuck-iOS";
				PRODUCT_NAME = "$(TARGET_NAME)";
				PROVISIONING_PROFILE = "";
				SWIFT_VERSION = 5.0;
			};
			name = Debug;
		};
		607FACF11AFB9204008FA782 /* Release */ = {
			isa = XCBuildConfiguration;
			baseConfigurationReference = FF0C64E611FD06E4E392FE5B /* Pods-CoreDuck-iOS.release.xcconfig */;
			buildSettings = {
				ALWAYS_EMBED_SWIFT_STANDARD_LIBRARIES = "$(inherited)";
				ASSETCATALOG_COMPILER_APPICON_NAME = AppIcon;
				CODE_SIGN_IDENTITY = "iPhone Developer";
				"CODE_SIGN_IDENTITY[sdk=iphoneos*]" = "iPhone Developer";
				DEVELOPMENT_TEAM = CBGX48BZ8F;
				INFOPLIST_FILE = "$(SRCROOT)/CoreDuck-iOS/Info.plist";
				LD_RUNPATH_SEARCH_PATHS = "$(inherited) @executable_path/Frameworks";
				MODULE_NAME = ExampleApp;
				PRODUCT_BUNDLE_IDENTIFIER = "academy.appdev.CoreDuck-iOS";
				PRODUCT_NAME = "$(TARGET_NAME)";
				PROVISIONING_PROFILE = "";
				SWIFT_VERSION = 5.0;
			};
			name = Release;
		};
		DE0980DE1D587A6600C02F2E /* Debug */ = {
			isa = XCBuildConfiguration;
			baseConfigurationReference = A3326D45AB9E92C60E1A7EBE /* Pods-CoreDuck-macOS.debug.xcconfig */;
			buildSettings = {
				ALWAYS_EMBED_SWIFT_STANDARD_LIBRARIES = "$(inherited)";
				ASSETCATALOG_COMPILER_APPICON_NAME = AppIcon;
				CLANG_ANALYZER_NONNULL = YES;
				CODE_SIGN_IDENTITY = "-";
				COMBINE_HIDPI_IMAGES = YES;
				DEBUG_INFORMATION_FORMAT = dwarf;
				INFOPLIST_FILE = "$(SRCROOT)/CoreDuck-macOS/Info.plist";
				LD_RUNPATH_SEARCH_PATHS = "$(inherited) @executable_path/../Frameworks";
				PRODUCT_BUNDLE_IDENTIFIER = "academy.appdev.CoreDuck-macOS";
				PRODUCT_NAME = "$(TARGET_NAME)";
				SDKROOT = macosx;
				SWIFT_VERSION = 5.0;
			};
			name = Debug;
		};
		DE0980DF1D587A6600C02F2E /* Release */ = {
			isa = XCBuildConfiguration;
			baseConfigurationReference = 370E388368EB47B84E5592B2 /* Pods-CoreDuck-macOS.release.xcconfig */;
			buildSettings = {
				ALWAYS_EMBED_SWIFT_STANDARD_LIBRARIES = "$(inherited)";
				ASSETCATALOG_COMPILER_APPICON_NAME = AppIcon;
				CLANG_ANALYZER_NONNULL = YES;
				CODE_SIGN_IDENTITY = "-";
				COMBINE_HIDPI_IMAGES = YES;
				INFOPLIST_FILE = "$(SRCROOT)/CoreDuck-macOS/Info.plist";
				LD_RUNPATH_SEARCH_PATHS = "$(inherited) @executable_path/../Frameworks";
				PRODUCT_BUNDLE_IDENTIFIER = "academy.appdev.CoreDuck-macOS";
				PRODUCT_NAME = "$(TARGET_NAME)";
				SDKROOT = macosx;
				SWIFT_VERSION = 5.0;
			};
			name = Release;
		};
/* End XCBuildConfiguration section */

/* Begin XCConfigurationList section */
		607FACCB1AFB9204008FA782 /* Build configuration list for PBXProject "CoreDuck" */ = {
			isa = XCConfigurationList;
			buildConfigurations = (
				607FACED1AFB9204008FA782 /* Debug */,
				607FACEE1AFB9204008FA782 /* Release */,
			);
			defaultConfigurationIsVisible = 0;
			defaultConfigurationName = Release;
		};
		607FACEF1AFB9204008FA782 /* Build configuration list for PBXNativeTarget "CoreDuck-iOS" */ = {
			isa = XCConfigurationList;
			buildConfigurations = (
				607FACF01AFB9204008FA782 /* Debug */,
				607FACF11AFB9204008FA782 /* Release */,
			);
			defaultConfigurationIsVisible = 0;
			defaultConfigurationName = Release;
		};
		DE0980E01D587A6600C02F2E /* Build configuration list for PBXNativeTarget "CoreDuck-macOS" */ = {
			isa = XCConfigurationList;
			buildConfigurations = (
				DE0980DE1D587A6600C02F2E /* Debug */,
				DE0980DF1D587A6600C02F2E /* Release */,
			);
			defaultConfigurationIsVisible = 0;
			defaultConfigurationName = Release;
		};
/* End XCConfigurationList section */

/* Begin XCVersionGroup section */
		DE3105741D8FB64500FC0742 /* CoreData.xcdatamodeld */ = {
			isa = XCVersionGroup;
			children = (
				DE3105751D8FB64500FC0742 /* CoreData.xcdatamodel */,
			);
			currentVersion = DE3105751D8FB64500FC0742 /* CoreData.xcdatamodel */;
			path = CoreData.xcdatamodeld;
			sourceTree = "<group>";
			versionGroupType = wrapper.xcdatamodel;
		};
		DE3105841D8FB75D00FC0742 /* CoreData.xcdatamodeld */ = {
			isa = XCVersionGroup;
			children = (
				DE3105851D8FB75D00FC0742 /* CoreData.xcdatamodel */,
			);
			currentVersion = DE3105851D8FB75D00FC0742 /* CoreData.xcdatamodel */;
			path = CoreData.xcdatamodeld;
			sourceTree = "<group>";
			versionGroupType = wrapper.xcdatamodel;
		};
/* End XCVersionGroup section */
	};
	rootObject = 607FACC81AFB9204008FA782 /* Project object */;
}
